// !$*UTF8*$!
{
	archiveVersion = 1;
	classes = {
	};
	objectVersion = 46;
	objects = {

/* Begin PBXBuildFile section */
		5B475631020571BAFCED3DD9 /* libPods-EatFruit.a in Frameworks */ = {isa = PBXBuildFile; fileRef = 27DBC482F652120CF094B6FF /* libPods-EatFruit.a */; };
		FF5BE7831F3D440400F864F1 /* main.m in Sources */ = {isa = PBXBuildFile; fileRef = FF5BE7821F3D440400F864F1 /* main.m */; };
		FF5BE7861F3D440400F864F1 /* AppDelegate.m in Sources */ = {isa = PBXBuildFile; fileRef = FF5BE7851F3D440400F864F1 /* AppDelegate.m */; };
		FF5BE78E1F3D440400F864F1 /* Assets.xcassets in Resources */ = {isa = PBXBuildFile; fileRef = FF5BE78D1F3D440400F864F1 /* Assets.xcassets */; };
		FF5BE7911F3D440400F864F1 /* LaunchScreen.storyboard in Resources */ = {isa = PBXBuildFile; fileRef = FF5BE78F1F3D440400F864F1 /* LaunchScreen.storyboard */; };
		FF5BE7A51F3D44B800F864F1 /* TWMainViewController.m in Sources */ = {isa = PBXBuildFile; fileRef = FF5BE7A41F3D44B800F864F1 /* TWMainViewController.m */; };
		FF5BE7AB1F3D496500F864F1 /* TWHomeViewController.m in Sources */ = {isa = PBXBuildFile; fileRef = FF5BE7AA1F3D496500F864F1 /* TWHomeViewController.m */; };
		FF5BE7AE1F3D4A1800F864F1 /* TWMainToHomeAnimation.m in Sources */ = {isa = PBXBuildFile; fileRef = FF5BE7AD1F3D4A1800F864F1 /* TWMainToHomeAnimation.m */; };
		FF5BE7B11F3D5E4A00F864F1 /* UIView+TWView.m in Sources */ = {isa = PBXBuildFile; fileRef = FF5BE7B01F3D5E4A00F864F1 /* UIView+TWView.m */; };
		FF5BE7B41F3D5EB500F864F1 /* UIView+TWFrame.m in Sources */ = {isa = PBXBuildFile; fileRef = FF5BE7B31F3D5EB500F864F1 /* UIView+TWFrame.m */; };
		FF5BE7B91F3D7BDC00F864F1 /* UIButton+TWButton.m in Sources */ = {isa = PBXBuildFile; fileRef = FF5BE7B61F3D7BDC00F864F1 /* UIButton+TWButton.m */; };
		FF5BE7BA1F3D7BDC00F864F1 /* UILabel+TWLabel.m in Sources */ = {isa = PBXBuildFile; fileRef = FF5BE7B81F3D7BDC00F864F1 /* UILabel+TWLabel.m */; };
		FF5BE7BD1F3D7BE200F864F1 /* UIImage+Image.m in Sources */ = {isa = PBXBuildFile; fileRef = FF5BE7BC1F3D7BE200F864F1 /* UIImage+Image.m */; };
		FF5BE7C01F3DA6BF00F864F1 /* UIButton+touch.m in Sources */ = {isa = PBXBuildFile; fileRef = FF5BE7BF1F3DA6BF00F864F1 /* UIButton+touch.m */; };
		FF5BE7C31F3DB15C00F864F1 /* TWMainToAirAnimation.m in Sources */ = {isa = PBXBuildFile; fileRef = FF5BE7C21F3DB15C00F864F1 /* TWMainToAirAnimation.m */; };
		FF5BE7CA1F3DB2FC00F864F1 /* TWAirViewController.m in Sources */ = {isa = PBXBuildFile; fileRef = FF5BE7C91F3DB2FC00F864F1 /* TWAirViewController.m */; };
		FF5BE82B1F416EA900F864F1 /* DataTool.m in Sources */ = {isa = PBXBuildFile; fileRef = FF5BE82A1F416EA900F864F1 /* DataTool.m */; };
		FF5BE99D1F42A4E400F864F1 /* CandyImageView.m in Sources */ = {isa = PBXBuildFile; fileRef = FF5BE9981F42A4E400F864F1 /* CandyImageView.m */; };
		FF5BE99E1F42A4E400F864F1 /* BabyImageView.m in Sources */ = {isa = PBXBuildFile; fileRef = FF5BE99A1F42A4E400F864F1 /* BabyImageView.m */; };
		FF5BE99F1F42A4E400F864F1 /* Score.m in Sources */ = {isa = PBXBuildFile; fileRef = FF5BE99C1F42A4E400F864F1 /* Score.m */; };
		FF96D5601F456A990099C998 /* InfoPlist.strings in Resources */ = {isa = PBXBuildFile; fileRef = FF96D5621F456A990099C998 /* InfoPlist.strings */; };
		FF9A6BFE1F43D7DC008173F9 /* TWAllCharacterController.m in Sources */ = {isa = PBXBuildFile; fileRef = FF9A6BFC1F43D7DC008173F9 /* TWAllCharacterController.m */; };
		FF9A6BFF1F43D7DC008173F9 /* TWAllCharacterController.xib in Resources */ = {isa = PBXBuildFile; fileRef = FF9A6BFD1F43D7DC008173F9 /* TWAllCharacterController.xib */; };
		FF9A6C061F43E48E008173F9 /* TWAirBaby.m in Sources */ = {isa = PBXBuildFile; fileRef = FF9A6C051F43E48E008173F9 /* TWAirBaby.m */; };
		FF9A6C371F44226B008173F9 /* TWMusicViewController.m in Sources */ = {isa = PBXBuildFile; fileRef = FF9A6C351F44226B008173F9 /* TWMusicViewController.m */; };
		FF9A6C381F44226B008173F9 /* TWMusicViewController.xib in Resources */ = {isa = PBXBuildFile; fileRef = FF9A6C361F44226B008173F9 /* TWMusicViewController.xib */; };
		FF9A6C3B1F44229C008173F9 /* TWMainToMusicAnimation.m in Sources */ = {isa = PBXBuildFile; fileRef = FF9A6C3A1F44229C008173F9 /* TWMainToMusicAnimation.m */; };
		FF9A6C3E1F442680008173F9 /* SoundTool.m in Sources */ = {isa = PBXBuildFile; fileRef = FF9A6C3D1F442680008173F9 /* SoundTool.m */; };
		FF9A6C691F4434A0008173F9 /* MyPlayer.m in Sources */ = {isa = PBXBuildFile; fileRef = FF9A6C681F4434A0008173F9 /* MyPlayer.m */; };
		FF9A6C6B1F4437E1008173F9 /* music.bundle in Resources */ = {isa = PBXBuildFile; fileRef = FF9A6C6A1F4437E1008173F9 /* music.bundle */; };
		FFD39D291F42C72A00EBC89A /* TWHomeGameOverController.m in Sources */ = {isa = PBXBuildFile; fileRef = FFD39D281F42C72A00EBC89A /* TWHomeGameOverController.m */; };
		FFD39D2F1F42D96200EBC89A /* TWRootViewController.m in Sources */ = {isa = PBXBuildFile; fileRef = FFD39D2E1F42D96200EBC89A /* TWRootViewController.m */; };
		FFD39D351F42EE5F00EBC89A /* TWMainToCharaterAnimation.m in Sources */ = {isa = PBXBuildFile; fileRef = FFD39D341F42EE5F00EBC89A /* TWMainToCharaterAnimation.m */; };
		FFF1BD391F3F0F7100EEF90D /* TWReadyStarView.m in Sources */ = {isa = PBXBuildFile; fileRef = FFF1BD381F3F0F7100EEF90D /* TWReadyStarView.m */; };
		FFF1BD3C1F3F1BAE00EEF90D /* TWStrokeLabel.m in Sources */ = {isa = PBXBuildFile; fileRef = FFF1BD3B1F3F1BAE00EEF90D /* TWStrokeLabel.m */; };
/* End PBXBuildFile section */

/* Begin PBXFileReference section */
		27DBC482F652120CF094B6FF /* libPods-EatFruit.a */ = {isa = PBXFileReference; explicitFileType = archive.ar; includeInIndex = 0; path = "libPods-EatFruit.a"; sourceTree = BUILT_PRODUCTS_DIR; };
		981A1CFCB4BE547EDFF69304 /* Pods-EatFruit.release.xcconfig */ = {isa = PBXFileReference; includeInIndex = 1; lastKnownFileType = text.xcconfig; name = "Pods-EatFruit.release.xcconfig"; path = "Pods/Target Support Files/Pods-EatFruit/Pods-EatFruit.release.xcconfig"; sourceTree = "<group>"; };
		A3D54A72CF64C1CF81BC37EF /* Pods-EatFruit.debug.xcconfig */ = {isa = PBXFileReference; includeInIndex = 1; lastKnownFileType = text.xcconfig; name = "Pods-EatFruit.debug.xcconfig"; path = "Pods/Target Support Files/Pods-EatFruit/Pods-EatFruit.debug.xcconfig"; sourceTree = "<group>"; };
		FF5BE77E1F3D440400F864F1 /* EatFruit.app */ = {isa = PBXFileReference; explicitFileType = wrapper.application; includeInIndex = 0; path = EatFruit.app; sourceTree = BUILT_PRODUCTS_DIR; };
		FF5BE7821F3D440400F864F1 /* main.m */ = {isa = PBXFileReference; lastKnownFileType = sourcecode.c.objc; path = main.m; sourceTree = "<group>"; };
		FF5BE7841F3D440400F864F1 /* AppDelegate.h */ = {isa = PBXFileReference; lastKnownFileType = sourcecode.c.h; path = AppDelegate.h; sourceTree = "<group>"; };
		FF5BE7851F3D440400F864F1 /* AppDelegate.m */ = {isa = PBXFileReference; lastKnownFileType = sourcecode.c.objc; path = AppDelegate.m; sourceTree = "<group>"; };
		FF5BE78D1F3D440400F864F1 /* Assets.xcassets */ = {isa = PBXFileReference; lastKnownFileType = folder.assetcatalog; path = Assets.xcassets; sourceTree = "<group>"; };
		FF5BE7901F3D440400F864F1 /* Base */ = {isa = PBXFileReference; lastKnownFileType = file.storyboard; name = Base; path = Base.lproj/LaunchScreen.storyboard; sourceTree = "<group>"; };
		FF5BE7921F3D440400F864F1 /* Info.plist */ = {isa = PBXFileReference; lastKnownFileType = text.plist.xml; path = Info.plist; sourceTree = "<group>"; };
		FF5BE7A31F3D44B800F864F1 /* TWMainViewController.h */ = {isa = PBXFileReference; fileEncoding = 4; lastKnownFileType = sourcecode.c.h; path = TWMainViewController.h; sourceTree = "<group>"; };
		FF5BE7A41F3D44B800F864F1 /* TWMainViewController.m */ = {isa = PBXFileReference; fileEncoding = 4; lastKnownFileType = sourcecode.c.objc; path = TWMainViewController.m; sourceTree = "<group>"; };
		FF5BE7A71F3D451900F864F1 /* EatFruit.pch */ = {isa = PBXFileReference; fileEncoding = 4; lastKnownFileType = sourcecode.c.h; path = EatFruit.pch; sourceTree = "<group>"; };
		FF5BE7A81F3D458400F864F1 /* Define.h */ = {isa = PBXFileReference; fileEncoding = 4; lastKnownFileType = sourcecode.c.h; path = Define.h; sourceTree = "<group>"; };
		FF5BE7A91F3D496500F864F1 /* TWHomeViewController.h */ = {isa = PBXFileReference; fileEncoding = 4; lastKnownFileType = sourcecode.c.h; path = TWHomeViewController.h; sourceTree = "<group>"; };
		FF5BE7AA1F3D496500F864F1 /* TWHomeViewController.m */ = {isa = PBXFileReference; fileEncoding = 4; lastKnownFileType = sourcecode.c.objc; path = TWHomeViewController.m; sourceTree = "<group>"; };
		FF5BE7AC1F3D4A1800F864F1 /* TWMainToHomeAnimation.h */ = {isa = PBXFileReference; fileEncoding = 4; lastKnownFileType = sourcecode.c.h; path = TWMainToHomeAnimation.h; sourceTree = "<group>"; };
		FF5BE7AD1F3D4A1800F864F1 /* TWMainToHomeAnimation.m */ = {isa = PBXFileReference; fileEncoding = 4; lastKnownFileType = sourcecode.c.objc; path = TWMainToHomeAnimation.m; sourceTree = "<group>"; };
		FF5BE7AF1F3D5E4A00F864F1 /* UIView+TWView.h */ = {isa = PBXFileReference; fileEncoding = 4; lastKnownFileType = sourcecode.c.h; path = "UIView+TWView.h"; sourceTree = "<group>"; };
		FF5BE7B01F3D5E4A00F864F1 /* UIView+TWView.m */ = {isa = PBXFileReference; fileEncoding = 4; lastKnownFileType = sourcecode.c.objc; path = "UIView+TWView.m"; sourceTree = "<group>"; };
		FF5BE7B21F3D5EB500F864F1 /* UIView+TWFrame.h */ = {isa = PBXFileReference; fileEncoding = 4; lastKnownFileType = sourcecode.c.h; path = "UIView+TWFrame.h"; sourceTree = "<group>"; };
		FF5BE7B31F3D5EB500F864F1 /* UIView+TWFrame.m */ = {isa = PBXFileReference; fileEncoding = 4; lastKnownFileType = sourcecode.c.objc; path = "UIView+TWFrame.m"; sourceTree = "<group>"; };
		FF5BE7B51F3D7BDC00F864F1 /* UIButton+TWButton.h */ = {isa = PBXFileReference; fileEncoding = 4; lastKnownFileType = sourcecode.c.h; path = "UIButton+TWButton.h"; sourceTree = "<group>"; };
		FF5BE7B61F3D7BDC00F864F1 /* UIButton+TWButton.m */ = {isa = PBXFileReference; fileEncoding = 4; lastKnownFileType = sourcecode.c.objc; path = "UIButton+TWButton.m"; sourceTree = "<group>"; };
		FF5BE7B71F3D7BDC00F864F1 /* UILabel+TWLabel.h */ = {isa = PBXFileReference; fileEncoding = 4; lastKnownFileType = sourcecode.c.h; path = "UILabel+TWLabel.h"; sourceTree = "<group>"; };
		FF5BE7B81F3D7BDC00F864F1 /* UILabel+TWLabel.m */ = {isa = PBXFileReference; fileEncoding = 4; lastKnownFileType = sourcecode.c.objc; path = "UILabel+TWLabel.m"; sourceTree = "<group>"; };
		FF5BE7BB1F3D7BE200F864F1 /* UIImage+Image.h */ = {isa = PBXFileReference; fileEncoding = 4; lastKnownFileType = sourcecode.c.h; path = "UIImage+Image.h"; sourceTree = "<group>"; };
		FF5BE7BC1F3D7BE200F864F1 /* UIImage+Image.m */ = {isa = PBXFileReference; fileEncoding = 4; lastKnownFileType = sourcecode.c.objc; path = "UIImage+Image.m"; sourceTree = "<group>"; };
		FF5BE7BE1F3DA6BF00F864F1 /* UIButton+touch.h */ = {isa = PBXFileReference; fileEncoding = 4; lastKnownFileType = sourcecode.c.h; path = "UIButton+touch.h"; sourceTree = "<group>"; };
		FF5BE7BF1F3DA6BF00F864F1 /* UIButton+touch.m */ = {isa = PBXFileReference; fileEncoding = 4; lastKnownFileType = sourcecode.c.objc; path = "UIButton+touch.m"; sourceTree = "<group>"; };
		FF5BE7C11F3DB15C00F864F1 /* TWMainToAirAnimation.h */ = {isa = PBXFileReference; fileEncoding = 4; lastKnownFileType = sourcecode.c.h; path = TWMainToAirAnimation.h; sourceTree = "<group>"; };
		FF5BE7C21F3DB15C00F864F1 /* TWMainToAirAnimation.m */ = {isa = PBXFileReference; fileEncoding = 4; lastKnownFileType = sourcecode.c.objc; path = TWMainToAirAnimation.m; sourceTree = "<group>"; };
		FF5BE7C81F3DB2FC00F864F1 /* TWAirViewController.h */ = {isa = PBXFileReference; fileEncoding = 4; lastKnownFileType = sourcecode.c.h; path = TWAirViewController.h; sourceTree = "<group>"; };
		FF5BE7C91F3DB2FC00F864F1 /* TWAirViewController.m */ = {isa = PBXFileReference; fileEncoding = 4; lastKnownFileType = sourcecode.c.objc; path = TWAirViewController.m; sourceTree = "<group>"; };
		FF5BE8291F416EA900F864F1 /* DataTool.h */ = {isa = PBXFileReference; fileEncoding = 4; lastKnownFileType = sourcecode.c.h; path = DataTool.h; sourceTree = "<group>"; };
		FF5BE82A1F416EA900F864F1 /* DataTool.m */ = {isa = PBXFileReference; fileEncoding = 4; lastKnownFileType = sourcecode.c.objc; path = DataTool.m; sourceTree = "<group>"; };
		FF5BE9971F42A4E400F864F1 /* CandyImageView.h */ = {isa = PBXFileReference; fileEncoding = 4; lastKnownFileType = sourcecode.c.h; path = CandyImageView.h; sourceTree = "<group>"; };
		FF5BE9981F42A4E400F864F1 /* CandyImageView.m */ = {isa = PBXFileReference; fileEncoding = 4; lastKnownFileType = sourcecode.c.objc; path = CandyImageView.m; sourceTree = "<group>"; };
		FF5BE9991F42A4E400F864F1 /* BabyImageView.h */ = {isa = PBXFileReference; fileEncoding = 4; lastKnownFileType = sourcecode.c.h; path = BabyImageView.h; sourceTree = "<group>"; };
		FF5BE99A1F42A4E400F864F1 /* BabyImageView.m */ = {isa = PBXFileReference; fileEncoding = 4; lastKnownFileType = sourcecode.c.objc; path = BabyImageView.m; sourceTree = "<group>"; };
		FF5BE99B1F42A4E400F864F1 /* Score.h */ = {isa = PBXFileReference; fileEncoding = 4; lastKnownFileType = sourcecode.c.h; path = Score.h; sourceTree = "<group>"; };
		FF5BE99C1F42A4E400F864F1 /* Score.m */ = {isa = PBXFileReference; fileEncoding = 4; lastKnownFileType = sourcecode.c.objc; path = Score.m; sourceTree = "<group>"; };
		FF96D5541F4567AA0099C998 /* zh-Hans */ = {isa = PBXFileReference; lastKnownFileType = text.plist.strings; name = "zh-Hans"; path = "zh-Hans.lproj/LaunchScreen.strings"; sourceTree = "<group>"; };
		FF96D55F1F456A900099C998 /* en */ = {isa = PBXFileReference; lastKnownFileType = text.plist.strings; name = en; path = en.lproj/LaunchScreen.strings; sourceTree = "<group>"; };
		FF96D5611F456A990099C998 /* en */ = {isa = PBXFileReference; lastKnownFileType = text.plist.strings; name = en; path = en.lproj/InfoPlist.strings; sourceTree = "<group>"; };
		FF96D5631F456A9C0099C998 /* zh-Hans */ = {isa = PBXFileReference; lastKnownFileType = text.plist.strings; name = "zh-Hans"; path = "zh-Hans.lproj/InfoPlist.strings"; sourceTree = "<group>"; };
		FF9A6BFB1F43D7DC008173F9 /* TWAllCharacterController.h */ = {isa = PBXFileReference; fileEncoding = 4; lastKnownFileType = sourcecode.c.h; path = TWAllCharacterController.h; sourceTree = "<group>"; };
		FF9A6BFC1F43D7DC008173F9 /* TWAllCharacterController.m */ = {isa = PBXFileReference; fileEncoding = 4; lastKnownFileType = sourcecode.c.objc; path = TWAllCharacterController.m; sourceTree = "<group>"; };
		FF9A6BFD1F43D7DC008173F9 /* TWAllCharacterController.xib */ = {isa = PBXFileReference; fileEncoding = 4; lastKnownFileType = file.xib; path = TWAllCharacterController.xib; sourceTree = "<group>"; };
		FF9A6C041F43E48E008173F9 /* TWAirBaby.h */ = {isa = PBXFileReference; fileEncoding = 4; lastKnownFileType = sourcecode.c.h; path = TWAirBaby.h; sourceTree = "<group>"; };
		FF9A6C051F43E48E008173F9 /* TWAirBaby.m */ = {isa = PBXFileReference; fileEncoding = 4; lastKnownFileType = sourcecode.c.objc; path = TWAirBaby.m; sourceTree = "<group>"; };
		FF9A6C341F44226B008173F9 /* TWMusicViewController.h */ = {isa = PBXFileReference; fileEncoding = 4; lastKnownFileType = sourcecode.c.h; path = TWMusicViewController.h; sourceTree = "<group>"; };
		FF9A6C351F44226B008173F9 /* TWMusicViewController.m */ = {isa = PBXFileReference; fileEncoding = 4; lastKnownFileType = sourcecode.c.objc; path = TWMusicViewController.m; sourceTree = "<group>"; };
		FF9A6C361F44226B008173F9 /* TWMusicViewController.xib */ = {isa = PBXFileReference; fileEncoding = 4; lastKnownFileType = file.xib; path = TWMusicViewController.xib; sourceTree = "<group>"; };
		FF9A6C391F44229C008173F9 /* TWMainToMusicAnimation.h */ = {isa = PBXFileReference; fileEncoding = 4; lastKnownFileType = sourcecode.c.h; path = TWMainToMusicAnimation.h; sourceTree = "<group>"; };
		FF9A6C3A1F44229C008173F9 /* TWMainToMusicAnimation.m */ = {isa = PBXFileReference; fileEncoding = 4; lastKnownFileType = sourcecode.c.objc; path = TWMainToMusicAnimation.m; sourceTree = "<group>"; };
		FF9A6C3C1F442680008173F9 /* SoundTool.h */ = {isa = PBXFileReference; fileEncoding = 4; lastKnownFileType = sourcecode.c.h; path = SoundTool.h; sourceTree = "<group>"; };
		FF9A6C3D1F442680008173F9 /* SoundTool.m */ = {isa = PBXFileReference; fileEncoding = 4; lastKnownFileType = sourcecode.c.objc; path = SoundTool.m; sourceTree = "<group>"; };
		FF9A6C671F4434A0008173F9 /* MyPlayer.h */ = {isa = PBXFileReference; fileEncoding = 4; lastKnownFileType = sourcecode.c.h; path = MyPlayer.h; sourceTree = "<group>"; };
		FF9A6C681F4434A0008173F9 /* MyPlayer.m */ = {isa = PBXFileReference; fileEncoding = 4; lastKnownFileType = sourcecode.c.objc; path = MyPlayer.m; sourceTree = "<group>"; };
		FF9A6C6A1F4437E1008173F9 /* music.bundle */ = {isa = PBXFileReference; lastKnownFileType = "wrapper.plug-in"; path = music.bundle; sourceTree = "<group>"; };
		FFD39D271F42C72A00EBC89A /* TWHomeGameOverController.h */ = {isa = PBXFileReference; fileEncoding = 4; lastKnownFileType = sourcecode.c.h; path = TWHomeGameOverController.h; sourceTree = "<group>"; };
		FFD39D281F42C72A00EBC89A /* TWHomeGameOverController.m */ = {isa = PBXFileReference; fileEncoding = 4; lastKnownFileType = sourcecode.c.objc; path = TWHomeGameOverController.m; sourceTree = "<group>"; };
		FFD39D2D1F42D96200EBC89A /* TWRootViewController.h */ = {isa = PBXFileReference; fileEncoding = 4; lastKnownFileType = sourcecode.c.h; path = TWRootViewController.h; sourceTree = "<group>"; };
		FFD39D2E1F42D96200EBC89A /* TWRootViewController.m */ = {isa = PBXFileReference; fileEncoding = 4; lastKnownFileType = sourcecode.c.objc; path = TWRootViewController.m; sourceTree = "<group>"; };
		FFD39D331F42EE5F00EBC89A /* TWMainToCharaterAnimation.h */ = {isa = PBXFileReference; fileEncoding = 4; lastKnownFileType = sourcecode.c.h; path = TWMainToCharaterAnimation.h; sourceTree = "<group>"; };
		FFD39D341F42EE5F00EBC89A /* TWMainToCharaterAnimation.m */ = {isa = PBXFileReference; fileEncoding = 4; lastKnownFileType = sourcecode.c.objc; path = TWMainToCharaterAnimation.m; sourceTree = "<group>"; };
		FFF1BD371F3F0F7100EEF90D /* TWReadyStarView.h */ = {isa = PBXFileReference; fileEncoding = 4; lastKnownFileType = sourcecode.c.h; path = TWReadyStarView.h; sourceTree = "<group>"; };
		FFF1BD381F3F0F7100EEF90D /* TWReadyStarView.m */ = {isa = PBXFileReference; fileEncoding = 4; lastKnownFileType = sourcecode.c.objc; path = TWReadyStarView.m; sourceTree = "<group>"; };
		FFF1BD3A1F3F1BAE00EEF90D /* TWStrokeLabel.h */ = {isa = PBXFileReference; fileEncoding = 4; lastKnownFileType = sourcecode.c.h; path = TWStrokeLabel.h; sourceTree = "<group>"; };
		FFF1BD3B1F3F1BAE00EEF90D /* TWStrokeLabel.m */ = {isa = PBXFileReference; fileEncoding = 4; lastKnownFileType = sourcecode.c.objc; path = TWStrokeLabel.m; sourceTree = "<group>"; };
/* End PBXFileReference section */

/* Begin PBXFrameworksBuildPhase section */
		FF5BE77B1F3D440400F864F1 /* Frameworks */ = {
			isa = PBXFrameworksBuildPhase;
			buildActionMask = 2147483647;
			files = (
				5B475631020571BAFCED3DD9 /* libPods-EatFruit.a in Frameworks */,
			);
			runOnlyForDeploymentPostprocessing = 0;
		};
/* End PBXFrameworksBuildPhase section */

/* Begin PBXGroup section */
		9B1BA1BB80410F2E20DDF244 /* Pods */ = {
			isa = PBXGroup;
			children = (
				A3D54A72CF64C1CF81BC37EF /* Pods-EatFruit.debug.xcconfig */,
				981A1CFCB4BE547EDFF69304 /* Pods-EatFruit.release.xcconfig */,
			);
			name = Pods;
			sourceTree = "<group>";
		};
		B81EB923BA88DF7F5547C089 /* Frameworks */ = {
			isa = PBXGroup;
			children = (
				27DBC482F652120CF094B6FF /* libPods-EatFruit.a */,
			);
			name = Frameworks;
			sourceTree = "<group>";
		};
		FF5BE7751F3D440400F864F1 = {
			isa = PBXGroup;
			children = (
				FF5BE7801F3D440400F864F1 /* EatFruit */,
				FF5BE77F1F3D440400F864F1 /* Products */,
				9B1BA1BB80410F2E20DDF244 /* Pods */,
				B81EB923BA88DF7F5547C089 /* Frameworks */,
			);
			sourceTree = "<group>";
		};
		FF5BE77F1F3D440400F864F1 /* Products */ = {
			isa = PBXGroup;
			children = (
				FF5BE77E1F3D440400F864F1 /* EatFruit.app */,
			);
			name = Products;
			sourceTree = "<group>";
		};
		FF5BE7801F3D440400F864F1 /* EatFruit */ = {
			isa = PBXGroup;
			children = (
				FF5BE7981F3D444900F864F1 /* Classes */,
				FF5BE7841F3D440400F864F1 /* AppDelegate.h */,
				FF5BE7851F3D440400F864F1 /* AppDelegate.m */,
				FF5BE78D1F3D440400F864F1 /* Assets.xcassets */,
				FF5BE78F1F3D440400F864F1 /* LaunchScreen.storyboard */,
				FF5BE7921F3D440400F864F1 /* Info.plist */,
				FF96D5621F456A990099C998 /* InfoPlist.strings */,
				FF5BE7811F3D440400F864F1 /* Supporting Files */,
			);
			path = EatFruit;
			sourceTree = "<group>";
		};
		FF5BE7811F3D440400F864F1 /* Supporting Files */ = {
			isa = PBXGroup;
			children = (
				FF5BE7821F3D440400F864F1 /* main.m */,
			);
			name = "Supporting Files";
			sourceTree = "<group>";
		};
		FF5BE7981F3D444900F864F1 /* Classes */ = {
			isa = PBXGroup;
			children = (
				FF9A6C621F442E2D008173F9 /* Music */,
				FF5BE7C41F3DB2EA00F864F1 /* Air */,
				FF5BE7A61F3D450900F864F1 /* Other */,
				FF5BE7991F3D44A200F864F1 /* Catagroy */,
				FF5BE79A1F3D44A200F864F1 /* Home */,
				FF5BE79E1F3D44A200F864F1 /* Main */,
				FF5BE7A21F3D44A200F864F1 /* Tool */,
			);
			path = Classes;
			sourceTree = "<group>";
		};
		FF5BE7991F3D44A200F864F1 /* Catagroy */ = {
			isa = PBXGroup;
			children = (
				FF5BE7BE1F3DA6BF00F864F1 /* UIButton+touch.h */,
				FF5BE7BF1F3DA6BF00F864F1 /* UIButton+touch.m */,
				FF5BE7BB1F3D7BE200F864F1 /* UIImage+Image.h */,
				FF5BE7BC1F3D7BE200F864F1 /* UIImage+Image.m */,
				FF5BE7B51F3D7BDC00F864F1 /* UIButton+TWButton.h */,
				FF5BE7B61F3D7BDC00F864F1 /* UIButton+TWButton.m */,
				FF5BE7B71F3D7BDC00F864F1 /* UILabel+TWLabel.h */,
				FF5BE7B81F3D7BDC00F864F1 /* UILabel+TWLabel.m */,
				FF5BE7B21F3D5EB500F864F1 /* UIView+TWFrame.h */,
				FF5BE7B31F3D5EB500F864F1 /* UIView+TWFrame.m */,
				FF5BE7AF1F3D5E4A00F864F1 /* UIView+TWView.h */,
				FF5BE7B01F3D5E4A00F864F1 /* UIView+TWView.m */,
			);
			path = Catagroy;
			sourceTree = "<group>";
		};
		FF5BE79A1F3D44A200F864F1 /* Home */ = {
			isa = PBXGroup;
			children = (
				FFF1BD361F3F0F6400EEF90D /* View */,
				FF5BE79D1F3D44A200F864F1 /* ViewController */,
			);
			path = Home;
			sourceTree = "<group>";
		};
		FF5BE79D1F3D44A200F864F1 /* ViewController */ = {
			isa = PBXGroup;
			children = (
				FF5BE7A91F3D496500F864F1 /* TWHomeViewController.h */,
				FF5BE7AA1F3D496500F864F1 /* TWHomeViewController.m */,
				FFD39D271F42C72A00EBC89A /* TWHomeGameOverController.h */,
				FFD39D281F42C72A00EBC89A /* TWHomeGameOverController.m */,
			);
			path = ViewController;
			sourceTree = "<group>";
		};
		FF5BE79E1F3D44A200F864F1 /* Main */ = {
			isa = PBXGroup;
			children = (
				FF5BE79F1F3D44A200F864F1 /* Model */,
				FF5BE7A01F3D44A200F864F1 /* View */,
				FF5BE7A11F3D44A200F864F1 /* ViewController */,
			);
			path = Main;
			sourceTree = "<group>";
		};
		FF5BE79F1F3D44A200F864F1 /* Model */ = {
			isa = PBXGroup;
			children = (
			);
			path = Model;
			sourceTree = "<group>";
		};
		FF5BE7A01F3D44A200F864F1 /* View */ = {
			isa = PBXGroup;
			children = (
			);
			path = View;
			sourceTree = "<group>";
		};
		FF5BE7A11F3D44A200F864F1 /* ViewController */ = {
			isa = PBXGroup;
			children = (
				FF5BE7A31F3D44B800F864F1 /* TWMainViewController.h */,
				FF5BE7A41F3D44B800F864F1 /* TWMainViewController.m */,
				FFD39D2D1F42D96200EBC89A /* TWRootViewController.h */,
				FFD39D2E1F42D96200EBC89A /* TWRootViewController.m */,
				FF9A6BFB1F43D7DC008173F9 /* TWAllCharacterController.h */,
				FF9A6BFC1F43D7DC008173F9 /* TWAllCharacterController.m */,
				FF9A6BFD1F43D7DC008173F9 /* TWAllCharacterController.xib */,
				FF9A6C341F44226B008173F9 /* TWMusicViewController.h */,
				FF9A6C351F44226B008173F9 /* TWMusicViewController.m */,
				FF9A6C361F44226B008173F9 /* TWMusicViewController.xib */,
			);
			path = ViewController;
			sourceTree = "<group>";
		};
		FF5BE7A21F3D44A200F864F1 /* Tool */ = {
			isa = PBXGroup;
			children = (
				FF9A6C671F4434A0008173F9 /* MyPlayer.h */,
				FF9A6C681F4434A0008173F9 /* MyPlayer.m */,
				FF9A6C3C1F442680008173F9 /* SoundTool.h */,
				FF9A6C3D1F442680008173F9 /* SoundTool.m */,
				FF5BE8291F416EA900F864F1 /* DataTool.h */,
				FF5BE82A1F416EA900F864F1 /* DataTool.m */,
				FF5BE7AC1F3D4A1800F864F1 /* TWMainToHomeAnimation.h */,
				FF5BE7AD1F3D4A1800F864F1 /* TWMainToHomeAnimation.m */,
				FF5BE7C11F3DB15C00F864F1 /* TWMainToAirAnimation.h */,
				FF5BE7C21F3DB15C00F864F1 /* TWMainToAirAnimation.m */,
				FFD39D331F42EE5F00EBC89A /* TWMainToCharaterAnimation.h */,
				FFD39D341F42EE5F00EBC89A /* TWMainToCharaterAnimation.m */,
				FF9A6C391F44229C008173F9 /* TWMainToMusicAnimation.h */,
				FF9A6C3A1F44229C008173F9 /* TWMainToMusicAnimation.m */,
			);
			path = Tool;
			sourceTree = "<group>";
		};
		FF5BE7A61F3D450900F864F1 /* Other */ = {
			isa = PBXGroup;
			children = (
				FF5BE7A71F3D451900F864F1 /* EatFruit.pch */,
				FF5BE7A81F3D458400F864F1 /* Define.h */,
			);
			path = Other;
			sourceTree = "<group>";
		};
		FF5BE7C41F3DB2EA00F864F1 /* Air */ = {
			isa = PBXGroup;
			children = (
				FF9A6C001F43E01C008173F9 /* View */,
				FF5BE7C71F3DB2EA00F864F1 /* ViewController */,
			);
			path = Air;
			sourceTree = "<group>";
		};
		FF5BE7C71F3DB2EA00F864F1 /* ViewController */ = {
			isa = PBXGroup;
			children = (
				FF5BE7C81F3DB2FC00F864F1 /* TWAirViewController.h */,
				FF5BE7C91F3DB2FC00F864F1 /* TWAirViewController.m */,
			);
			path = ViewController;
			sourceTree = "<group>";
		};
		FF9A6C001F43E01C008173F9 /* View */ = {
			isa = PBXGroup;
			children = (
				FF9A6C041F43E48E008173F9 /* TWAirBaby.h */,
				FF9A6C051F43E48E008173F9 /* TWAirBaby.m */,
			);
			path = View;
			sourceTree = "<group>";
		};
		FF9A6C621F442E2D008173F9 /* Music */ = {
			isa = PBXGroup;
			children = (
				FF9A6C6A1F4437E1008173F9 /* music.bundle */,
			);
			path = Music;
			sourceTree = "<group>";
		};
		FFF1BD361F3F0F6400EEF90D /* View */ = {
			isa = PBXGroup;
			children = (
				FF5BE9971F42A4E400F864F1 /* CandyImageView.h */,
				FF5BE9981F42A4E400F864F1 /* CandyImageView.m */,
				FF5BE9991F42A4E400F864F1 /* BabyImageView.h */,
				FF5BE99A1F42A4E400F864F1 /* BabyImageView.m */,
				FF5BE99B1F42A4E400F864F1 /* Score.h */,
				FF5BE99C1F42A4E400F864F1 /* Score.m */,
				FFF1BD3A1F3F1BAE00EEF90D /* TWStrokeLabel.h */,
				FFF1BD3B1F3F1BAE00EEF90D /* TWStrokeLabel.m */,
				FFF1BD371F3F0F7100EEF90D /* TWReadyStarView.h */,
				FFF1BD381F3F0F7100EEF90D /* TWReadyStarView.m */,
			);
			path = View;
			sourceTree = "<group>";
		};
/* End PBXGroup section */

/* Begin PBXNativeTarget section */
		FF5BE77D1F3D440400F864F1 /* EatFruit */ = {
			isa = PBXNativeTarget;
			buildConfigurationList = FF5BE7951F3D440400F864F1 /* Build configuration list for PBXNativeTarget "EatFruit" */;
			buildPhases = (
				65CB0D5BDBCF80BE5DC6AFFD /* [CP] Check Pods Manifest.lock */,
				FF5BE77A1F3D440400F864F1 /* Sources */,
				FF5BE77B1F3D440400F864F1 /* Frameworks */,
				FF5BE77C1F3D440400F864F1 /* Resources */,
				3337B8A17E7BD7A3C3AAE98B /* [CP] Embed Pods Frameworks */,
				931C65F89A3F1D3A42255A72 /* [CP] Copy Pods Resources */,
			);
			buildRules = (
			);
			dependencies = (
			);
			name = EatFruit;
			productName = EatFruit;
			productReference = FF5BE77E1F3D440400F864F1 /* EatFruit.app */;
			productType = "com.apple.product-type.application";
		};
/* End PBXNativeTarget section */

/* Begin PBXProject section */
		FF5BE7761F3D440400F864F1 /* Project object */ = {
			isa = PBXProject;
			attributes = {
				CLASSPREFIX = TW;
				LastUpgradeCheck = 0830;
				ORGANIZATIONNAME = "田伟";
				TargetAttributes = {
					FF5BE77D1F3D440400F864F1 = {
						CreatedOnToolsVersion = 8.3.3;
						DevelopmentTeam = 7F3QQKKLR9;
						ProvisioningStyle = Automatic;
					};
				};
			};
			buildConfigurationList = FF5BE7791F3D440400F864F1 /* Build configuration list for PBXProject "EatFruit" */;
			compatibilityVersion = "Xcode 3.2";
			developmentRegion = English;
			hasScannedForEncodings = 0;
			knownRegions = (
				Base,
				"zh-Hans",
			);
			mainGroup = FF5BE7751F3D440400F864F1;
			productRefGroup = FF5BE77F1F3D440400F864F1 /* Products */;
			projectDirPath = "";
			projectRoot = "";
			targets = (
				FF5BE77D1F3D440400F864F1 /* EatFruit */,
			);
		};
/* End PBXProject section */

/* Begin PBXResourcesBuildPhase section */
		FF5BE77C1F3D440400F864F1 /* Resources */ = {
			isa = PBXResourcesBuildPhase;
			buildActionMask = 2147483647;
			files = (
				FF9A6C6B1F4437E1008173F9 /* music.bundle in Resources */,
				FF96D5601F456A990099C998 /* InfoPlist.strings in Resources */,
				FF5BE7911F3D440400F864F1 /* LaunchScreen.storyboard in Resources */,
				FF9A6C381F44226B008173F9 /* TWMusicViewController.xib in Resources */,
				FF9A6BFF1F43D7DC008173F9 /* TWAllCharacterController.xib in Resources */,
				FF5BE78E1F3D440400F864F1 /* Assets.xcassets in Resources */,
			);
			runOnlyForDeploymentPostprocessing = 0;
		};
/* End PBXResourcesBuildPhase section */

/* Begin PBXShellScriptBuildPhase section */
		3337B8A17E7BD7A3C3AAE98B /* [CP] Embed Pods Frameworks */ = {
			isa = PBXShellScriptBuildPhase;
			buildActionMask = 2147483647;
			files = (
			);
			inputPaths = (
			);
			name = "[CP] Embed Pods Frameworks";
			outputPaths = (
			);
			runOnlyForDeploymentPostprocessing = 0;
			shellPath = /bin/sh;
			shellScript = "\"${SRCROOT}/Pods/Target Support Files/Pods-EatFruit/Pods-EatFruit-frameworks.sh\"\n";
			showEnvVarsInLog = 0;
		};
		65CB0D5BDBCF80BE5DC6AFFD /* [CP] Check Pods Manifest.lock */ = {
			isa = PBXShellScriptBuildPhase;
			buildActionMask = 2147483647;
			files = (
			);
			inputPaths = (
				"${PODS_PODFILE_DIR_PATH}/Podfile.lock",
				"${PODS_ROOT}/Manifest.lock",
			);
			name = "[CP] Check Pods Manifest.lock";
			outputPaths = (
				"$(DERIVED_FILE_DIR)/Pods-EatFruit-checkManifestLockResult.txt",
			);
			runOnlyForDeploymentPostprocessing = 0;
			shellPath = /bin/sh;
			shellScript = "diff \"${PODS_PODFILE_DIR_PATH}/Podfile.lock\" \"${PODS_ROOT}/Manifest.lock\" > /dev/null\nif [ $? != 0 ] ; then\n    # print error to STDERR\n    echo \"error: The sandbox is not in sync with the Podfile.lock. Run 'pod install' or update your CocoaPods installation.\" >&2\n    exit 1\nfi\n# This output is used by Xcode 'outputs' to avoid re-running this script phase.\necho \"SUCCESS\" > \"${SCRIPT_OUTPUT_FILE_0}\"\n";
			showEnvVarsInLog = 0;
		};
		931C65F89A3F1D3A42255A72 /* [CP] Copy Pods Resources */ = {
			isa = PBXShellScriptBuildPhase;
			buildActionMask = 2147483647;
			files = (
			);
			inputPaths = (
				"${SRCROOT}/Pods/Target Support Files/Pods-EatFruit/Pods-EatFruit-resources.sh",
				"${PODS_ROOT}/SVProgressHUD/SVProgressHUD/SVProgressHUD.bundle",
			);
			name = "[CP] Copy Pods Resources";
			outputPaths = (
				"${TARGET_BUILD_DIR}/${UNLOCALIZED_RESOURCES_FOLDER_PATH}",
			);
			runOnlyForDeploymentPostprocessing = 0;
			shellPath = /bin/sh;
			shellScript = "\"${SRCROOT}/Pods/Target Support Files/Pods-EatFruit/Pods-EatFruit-resources.sh\"\n";
			showEnvVarsInLog = 0;
		};
/* End PBXShellScriptBuildPhase section */

/* Begin PBXSourcesBuildPhase section */
		FF5BE77A1F3D440400F864F1 /* Sources */ = {
			isa = PBXSourcesBuildPhase;
			buildActionMask = 2147483647;
			files = (
				FFD39D351F42EE5F00EBC89A /* TWMainToCharaterAnimation.m in Sources */,
				FF5BE99E1F42A4E400F864F1 /* BabyImageView.m in Sources */,
				FF5BE7B11F3D5E4A00F864F1 /* UIView+TWView.m in Sources */,
				FF5BE7BD1F3D7BE200F864F1 /* UIImage+Image.m in Sources */,
				FF5BE7BA1F3D7BDC00F864F1 /* UILabel+TWLabel.m in Sources */,
				FF5BE7AB1F3D496500F864F1 /* TWHomeViewController.m in Sources */,
				FFF1BD3C1F3F1BAE00EEF90D /* TWStrokeLabel.m in Sources */,
				FF9A6C3E1F442680008173F9 /* SoundTool.m in Sources */,
				FF9A6C691F4434A0008173F9 /* MyPlayer.m in Sources */,
				FF5BE99D1F42A4E400F864F1 /* CandyImageView.m in Sources */,
				FF5BE7C31F3DB15C00F864F1 /* TWMainToAirAnimation.m in Sources */,
				FF5BE7B91F3D7BDC00F864F1 /* UIButton+TWButton.m in Sources */,
				FF5BE7B41F3D5EB500F864F1 /* UIView+TWFrame.m in Sources */,
				FF5BE7A51F3D44B800F864F1 /* TWMainViewController.m in Sources */,
				FFD39D291F42C72A00EBC89A /* TWHomeGameOverController.m in Sources */,
				FF5BE7861F3D440400F864F1 /* AppDelegate.m in Sources */,
				FF9A6BFE1F43D7DC008173F9 /* TWAllCharacterController.m in Sources */,
				FF5BE7CA1F3DB2FC00F864F1 /* TWAirViewController.m in Sources */,
				FF9A6C371F44226B008173F9 /* TWMusicViewController.m in Sources */,
				FF5BE7AE1F3D4A1800F864F1 /* TWMainToHomeAnimation.m in Sources */,
				FFF1BD391F3F0F7100EEF90D /* TWReadyStarView.m in Sources */,
				FF5BE82B1F416EA900F864F1 /* DataTool.m in Sources */,
				FF5BE7831F3D440400F864F1 /* main.m in Sources */,
				FF9A6C3B1F44229C008173F9 /* TWMainToMusicAnimation.m in Sources */,
				FF5BE7C01F3DA6BF00F864F1 /* UIButton+touch.m in Sources */,
				FF5BE99F1F42A4E400F864F1 /* Score.m in Sources */,
				FF9A6C061F43E48E008173F9 /* TWAirBaby.m in Sources */,
				FFD39D2F1F42D96200EBC89A /* TWRootViewController.m in Sources */,
			);
			runOnlyForDeploymentPostprocessing = 0;
		};
/* End PBXSourcesBuildPhase section */

/* Begin PBXVariantGroup section */
		FF5BE78F1F3D440400F864F1 /* LaunchScreen.storyboard */ = {
			isa = PBXVariantGroup;
			children = (
				FF5BE7901F3D440400F864F1 /* Base */,
				FF96D5541F4567AA0099C998 /* zh-Hans */,
				FF96D55F1F456A900099C998 /* en */,
			);
			name = LaunchScreen.storyboard;
			sourceTree = "<group>";
		};
		FF96D5621F456A990099C998 /* InfoPlist.strings */ = {
			isa = PBXVariantGroup;
			children = (
				FF96D5611F456A990099C998 /* en */,
				FF96D5631F456A9C0099C998 /* zh-Hans */,
			);
			name = InfoPlist.strings;
			sourceTree = "<group>";
		};
/* End PBXVariantGroup section */

/* Begin XCBuildConfiguration section */
		FF5BE7931F3D440400F864F1 /* Debug */ = {
			isa = XCBuildConfiguration;
			buildSettings = {
				ALWAYS_SEARCH_USER_PATHS = NO;
				CLANG_ANALYZER_LOCALIZABILITY_NONLOCALIZED = YES;
				CLANG_ANALYZER_NONNULL = YES;
				CLANG_ANALYZER_NUMBER_OBJECT_CONVERSION = YES_AGGRESSIVE;
				CLANG_CXX_LANGUAGE_STANDARD = "gnu++0x";
				CLANG_CXX_LIBRARY = "libc++";
				CLANG_ENABLE_MODULES = YES;
				CLANG_ENABLE_OBJC_ARC = YES;
				CLANG_WARN_BOOL_CONVERSION = YES;
				CLANG_WARN_CONSTANT_CONVERSION = YES;
				CLANG_WARN_DIRECT_OBJC_ISA_USAGE = YES_ERROR;
				CLANG_WARN_DOCUMENTATION_COMMENTS = YES;
				CLANG_WARN_EMPTY_BODY = YES;
				CLANG_WARN_ENUM_CONVERSION = YES;
				CLANG_WARN_INFINITE_RECURSION = YES;
				CLANG_WARN_INT_CONVERSION = YES;
				CLANG_WARN_OBJC_ROOT_CLASS = YES_ERROR;
				CLANG_WARN_SUSPICIOUS_MOVE = YES;
				CLANG_WARN_UNREACHABLE_CODE = YES;
				CLANG_WARN__DUPLICATE_METHOD_MATCH = YES;
				"CODE_SIGN_IDENTITY[sdk=iphoneos*]" = "iPhone Developer";
				COPY_PHASE_STRIP = NO;
				DEBUG_INFORMATION_FORMAT = dwarf;
				ENABLE_STRICT_OBJC_MSGSEND = YES;
				ENABLE_TESTABILITY = YES;
				GCC_C_LANGUAGE_STANDARD = gnu99;
				GCC_DYNAMIC_NO_PIC = NO;
				GCC_NO_COMMON_BLOCKS = YES;
				GCC_OPTIMIZATION_LEVEL = 0;
				GCC_PREPROCESSOR_DEFINITIONS = (
					"DEBUG=1",
					"$(inherited)",
				);
				GCC_WARN_64_TO_32_BIT_CONVERSION = YES;
				GCC_WARN_ABOUT_RETURN_TYPE = YES_ERROR;
				GCC_WARN_UNDECLARED_SELECTOR = YES;
				GCC_WARN_UNINITIALIZED_AUTOS = YES_AGGRESSIVE;
				GCC_WARN_UNUSED_FUNCTION = YES;
				GCC_WARN_UNUSED_VARIABLE = YES;
				IPHONEOS_DEPLOYMENT_TARGET = 10.3;
				MTL_ENABLE_DEBUG_INFO = YES;
				ONLY_ACTIVE_ARCH = YES;
				SDKROOT = iphoneos;
			};
			name = Debug;
		};
		FF5BE7941F3D440400F864F1 /* Release */ = {
			isa = XCBuildConfiguration;
			buildSettings = {
				ALWAYS_SEARCH_USER_PATHS = NO;
				CLANG_ANALYZER_LOCALIZABILITY_NONLOCALIZED = YES;
				CLANG_ANALYZER_NONNULL = YES;
				CLANG_ANALYZER_NUMBER_OBJECT_CONVERSION = YES_AGGRESSIVE;
				CLANG_CXX_LANGUAGE_STANDARD = "gnu++0x";
				CLANG_CXX_LIBRARY = "libc++";
				CLANG_ENABLE_MODULES = YES;
				CLANG_ENABLE_OBJC_ARC = YES;
				CLANG_WARN_BOOL_CONVERSION = YES;
				CLANG_WARN_CONSTANT_CONVERSION = YES;
				CLANG_WARN_DIRECT_OBJC_ISA_USAGE = YES_ERROR;
				CLANG_WARN_DOCUMENTATION_COMMENTS = YES;
				CLANG_WARN_EMPTY_BODY = YES;
				CLANG_WARN_ENUM_CONVERSION = YES;
				CLANG_WARN_INFINITE_RECURSION = YES;
				CLANG_WARN_INT_CONVERSION = YES;
				CLANG_WARN_OBJC_ROOT_CLASS = YES_ERROR;
				CLANG_WARN_SUSPICIOUS_MOVE = YES;
				CLANG_WARN_UNREACHABLE_CODE = YES;
				CLANG_WARN__DUPLICATE_METHOD_MATCH = YES;
				"CODE_SIGN_IDENTITY[sdk=iphoneos*]" = "iPhone Developer";
				COPY_PHASE_STRIP = NO;
				DEBUG_INFORMATION_FORMAT = "dwarf-with-dsym";
				ENABLE_NS_ASSERTIONS = NO;
				ENABLE_STRICT_OBJC_MSGSEND = YES;
				GCC_C_LANGUAGE_STANDARD = gnu99;
				GCC_NO_COMMON_BLOCKS = YES;
				GCC_WARN_64_TO_32_BIT_CONVERSION = YES;
				GCC_WARN_ABOUT_RETURN_TYPE = YES_ERROR;
				GCC_WARN_UNDECLARED_SELECTOR = YES;
				GCC_WARN_UNINITIALIZED_AUTOS = YES_AGGRESSIVE;
				GCC_WARN_UNUSED_FUNCTION = YES;
				GCC_WARN_UNUSED_VARIABLE = YES;
				IPHONEOS_DEPLOYMENT_TARGET = 10.3;
				MTL_ENABLE_DEBUG_INFO = NO;
				SDKROOT = iphoneos;
				VALIDATE_PRODUCT = YES;
			};
			name = Release;
		};
		FF5BE7961F3D440400F864F1 /* Debug */ = {
			isa = XCBuildConfiguration;
			baseConfigurationReference = A3D54A72CF64C1CF81BC37EF /* Pods-EatFruit.debug.xcconfig */;
			buildSettings = {
				ASSETCATALOG_COMPILER_APPICON_NAME = AppIcon;
				DEVELOPMENT_TEAM = 7F3QQKKLR9;
				GCC_PREFIX_HEADER = "$(SRCROOT)/EatFruit/Classes/Other/EatFruit.pch";
				INFOPLIST_FILE = EatFruit/Info.plist;
				IPHONEOS_DEPLOYMENT_TARGET = 8.0;
				LD_RUNPATH_SEARCH_PATHS = "$(inherited) @executable_path/Frameworks";
				PRODUCT_BUNDLE_IDENTIFIER = com.shmx.EatFruit;
				PRODUCT_NAME = "$(TARGET_NAME)";
			};
			name = Debug;
		};
		FF5BE7971F3D440400F864F1 /* Release */ = {
			isa = XCBuildConfiguration;
			baseConfigurationReference = 981A1CFCB4BE547EDFF69304 /* Pods-EatFruit.release.xcconfig */;
			buildSettings = {
				ASSETCATALOG_COMPILER_APPICON_NAME = AppIcon;
				DEVELOPMENT_TEAM = 7F3QQKKLR9;
				GCC_PREFIX_HEADER = "$(SRCROOT)/EatFruit/Classes/Other/EatFruit.pch";
				INFOPLIST_FILE = EatFruit/Info.plist;
				IPHONEOS_DEPLOYMENT_TARGET = 8.0;
				LD_RUNPATH_SEARCH_PATHS = "$(inherited) @executable_path/Frameworks";
				PRODUCT_BUNDLE_IDENTIFIER = com.shmx.EatFruit;
				PRODUCT_NAME = "$(TARGET_NAME)";
			};
			name = Release;
		};
/* End XCBuildConfiguration section */

/* Begin XCConfigurationList section */
		FF5BE7791F3D440400F864F1 /* Build configuration list for PBXProject "EatFruit" */ = {
			isa = XCConfigurationList;
			buildConfigurations = (
				FF5BE7931F3D440400F864F1 /* Debug */,
				FF5BE7941F3D440400F864F1 /* Release */,
			);
			defaultConfigurationIsVisible = 0;
			defaultConfigurationName = Release;
		};
		FF5BE7951F3D440400F864F1 /* Build configuration list for PBXNativeTarget "EatFruit" */ = {
			isa = XCConfigurationList;
			buildConfigurations = (
				FF5BE7961F3D440400F864F1 /* Debug */,
				FF5BE7971F3D440400F864F1 /* Release */,
			);
			defaultConfigurationIsVisible = 0;
			defaultConfigurationName = Release;
		};
/* End XCConfigurationList section */
	};
	rootObject = FF5BE7761F3D440400F864F1 /* Project object */;
}
