// !$*UTF8*$!
{
	archiveVersion = 1;
	classes = {
	};
	objectVersion = 46;
	objects = {

/* Begin PBXBuildFile section */
		FF5BE7831F3D440400F864F1 /* main.m in Sources */ = {isa = PBXBuildFile; fileRef = FF5BE7821F3D440400F864F1 /* main.m */; };
		FF5BE7861F3D440400F864F1 /* AppDelegate.m in Sources */ = {isa = PBXBuildFile; fileRef = FF5BE7851F3D440400F864F1 /* AppDelegate.m */; };
		FF5BE78E1F3D440400F864F1 /* Assets.xcassets in Resources */ = {isa = PBXBuildFile; fileRef = FF5BE78D1F3D440400F864F1 /* Assets.xcassets */; };
		FF5BE7911F3D440400F864F1 /* LaunchScreen.storyboard in Resources */ = {isa = PBXBuildFile; fileRef = FF5BE78F1F3D440400F864F1 /* LaunchScreen.storyboard */; };
		FF5BE7A51F3D44B800F864F1 /* TWMainViewController.m in Sources */ = {isa = PBXBuildFile; fileRef = FF5BE7A41F3D44B800F864F1 /* TWMainViewController.m */; };
/* End PBXBuildFile section */

/* Begin PBXFileReference section */
		FF5BE77E1F3D440400F864F1 /* EatFruit.app */ = {isa = PBXFileReference; explicitFileType = wrapper.application; includeInIndex = 0; path = EatFruit.app; sourceTree = BUILT_PRODUCTS_DIR; };
		FF5BE7821F3D440400F864F1 /* main.m */ = {isa = PBXFileReference; lastKnownFileType = sourcecode.c.objc; path = main.m; sourceTree = "<group>"; };
		FF5BE7841F3D440400F864F1 /* AppDelegate.h */ = {isa = PBXFileReference; lastKnownFileType = sourcecode.c.h; path = AppDelegate.h; sourceTree = "<group>"; };
		FF5BE7851F3D440400F864F1 /* AppDelegate.m */ = {isa = PBXFileReference; lastKnownFileType = sourcecode.c.objc; path = AppDelegate.m; sourceTree = "<group>"; };
		FF5BE78D1F3D440400F864F1 /* Assets.xcassets */ = {isa = PBXFileReference; lastKnownFileType = folder.assetcatalog; path = Assets.xcassets; sourceTree = "<group>"; };
		FF5BE7901F3D440400F864F1 /* Base */ = {isa = PBXFileReference; lastKnownFileType = file.storyboard; name = Base; path = Base.lproj/LaunchScreen.storyboard; sourceTree = "<group>"; };
		FF5BE7921F3D440400F864F1 /* Info.plist */ = {isa = PBXFileReference; lastKnownFileType = text.plist.xml; path = Info.plist; sourceTree = "<group>"; };
		FF5BE7A31F3D44B800F864F1 /* TWMainViewController.h */ = {isa = PBXFileReference; fileEncoding = 4; lastKnownFileType = sourcecode.c.h; path = TWMainViewController.h; sourceTree = "<group>"; };
		FF5BE7A41F3D44B800F864F1 /* TWMainViewController.m */ = {isa = PBXFileReference; fileEncoding = 4; lastKnownFileType = sourcecode.c.objc; path = TWMainViewController.m; sourceTree = "<group>"; };
		FF5BE7A71F3D451900F864F1 /* EatFruit.pch */ = {isa = PBXFileReference; fileEncoding = 4; lastKnownFileType = sourcecode.c.h; path = EatFruit.pch; sourceTree = "<group>"; };
		FF5BE7A81F3D458400F864F1 /* Define.h */ = {isa = PBXFileReference; fileEncoding = 4; lastKnownFileType = sourcecode.c.h; path = Define.h; sourceTree = "<group>"; };
/* End PBXFileReference section */

/* Begin PBXFrameworksBuildPhase section */
		FF5BE77B1F3D440400F864F1 /* Frameworks */ = {
			isa = PBXFrameworksBuildPhase;
			buildActionMask = 2147483647;
			files = (
			);
			runOnlyForDeploymentPostprocessing = 0;
		};
/* End PBXFrameworksBuildPhase section */

/* Begin PBXGroup section */
		FF5BE7751F3D440400F864F1 = {
			isa = PBXGroup;
			children = (
				FF5BE7801F3D440400F864F1 /* EatFruit */,
				FF5BE77F1F3D440400F864F1 /* Products */,
			);
			sourceTree = "<group>";
		};
		FF5BE77F1F3D440400F864F1 /* Products */ = {
			isa = PBXGroup;
			children = (
				FF5BE77E1F3D440400F864F1 /* EatFruit.app */,
			);
			name = Products;
			sourceTree = "<group>";
		};
		FF5BE7801F3D440400F864F1 /* EatFruit */ = {
			isa = PBXGroup;
			children = (
				FF5BE7981F3D444900F864F1 /* Classes */,
				FF5BE7841F3D440400F864F1 /* AppDelegate.h */,
				FF5BE7851F3D440400F864F1 /* AppDelegate.m */,
				FF5BE78D1F3D440400F864F1 /* Assets.xcassets */,
				FF5BE78F1F3D440400F864F1 /* LaunchScreen.storyboard */,
				FF5BE7921F3D440400F864F1 /* Info.plist */,
				FF5BE7811F3D440400F864F1 /* Supporting Files */,
			);
			path = EatFruit;
			sourceTree = "<group>";
		};
		FF5BE7811F3D440400F864F1 /* Supporting Files */ = {
			isa = PBXGroup;
			children = (
				FF5BE7821F3D440400F864F1 /* main.m */,
			);
			name = "Supporting Files";
			sourceTree = "<group>";
		};
		FF5BE7981F3D444900F864F1 /* Classes */ = {
			isa = PBXGroup;
			children = (
				FF5BE7A61F3D450900F864F1 /* Other */,
				FF5BE7991F3D44A200F864F1 /* Catagroy */,
				FF5BE79A1F3D44A200F864F1 /* Home */,
				FF5BE79E1F3D44A200F864F1 /* Main */,
				FF5BE7A21F3D44A200F864F1 /* Tool */,
			);
			path = Classes;
			sourceTree = "<group>";
		};
		FF5BE7991F3D44A200F864F1 /* Catagroy */ = {
			isa = PBXGroup;
			children = (
			);
			path = Catagroy;
			sourceTree = "<group>";
		};
		FF5BE79A1F3D44A200F864F1 /* Home */ = {
			isa = PBXGroup;
			children = (
				FF5BE79B1F3D44A200F864F1 /* Model */,
				FF5BE79C1F3D44A200F864F1 /* View */,
				FF5BE79D1F3D44A200F864F1 /* ViewController */,
			);
			path = Home;
			sourceTree = "<group>";
		};
		FF5BE79B1F3D44A200F864F1 /* Model */ = {
			isa = PBXGroup;
			children = (
			);
			path = Model;
			sourceTree = "<group>";
		};
		FF5BE79C1F3D44A200F864F1 /* View */ = {
			isa = PBXGroup;
			children = (
			);
			path = View;
			sourceTree = "<group>";
		};
		FF5BE79D1F3D44A200F864F1 /* ViewController */ = {
			isa = PBXGroup;
			children = (
			);
			path = ViewController;
			sourceTree = "<group>";
		};
		FF5BE79E1F3D44A200F864F1 /* Main */ = {
			isa = PBXGroup;
			children = (
				FF5BE79F1F3D44A200F864F1 /* Model */,
				FF5BE7A01F3D44A200F864F1 /* View */,
				FF5BE7A11F3D44A200F864F1 /* ViewController */,
			);
			path = Main;
			sourceTree = "<group>";
		};
		FF5BE79F1F3D44A200F864F1 /* Model */ = {
			isa = PBXGroup;
			children = (
			);
			path = Model;
			sourceTree = "<group>";
		};
		FF5BE7A01F3D44A200F864F1 /* View */ = {
			isa = PBXGroup;
			children = (
			);
			path = View;
			sourceTree = "<group>";
		};
		FF5BE7A11F3D44A200F864F1 /* ViewController */ = {
			isa = PBXGroup;
			children = (
				FF5BE7A31F3D44B800F864F1 /* TWMainViewController.h */,
				FF5BE7A41F3D44B800F864F1 /* TWMainViewController.m */,
			);
			path = ViewController;
			sourceTree = "<group>";
		};
		FF5BE7A21F3D44A200F864F1 /* Tool */ = {
			isa = PBXGroup;
			children = (
			);
			path = Tool;
			sourceTree = "<group>";
		};
		FF5BE7A61F3D450900F864F1 /* Other */ = {
			isa = PBXGroup;
			children = (
				FF5BE7A71F3D451900F864F1 /* EatFruit.pch */,
				FF5BE7A81F3D458400F864F1 /* Define.h */,
			);
			path = Other;
			sourceTree = "<group>";
		};
/* End PBXGroup section */

/* Begin PBXNativeTarget section */
		FF5BE77D1F3D440400F864F1 /* EatFruit */ = {
			isa = PBXNativeTarget;
			buildConfigurationList = FF5BE7951F3D440400F864F1 /* Build configuration list for PBXNativeTarget "EatFruit" */;
			buildPhases = (
				FF5BE77A1F3D440400F864F1 /* Sources */,
				FF5BE77B1F3D440400F864F1 /* Frameworks */,
				FF5BE77C1F3D440400F864F1 /* Resources */,
			);
			buildRules = (
			);
			dependencies = (
			);
			name = EatFruit;
			productName = EatFruit;
			productReference = FF5BE77E1F3D440400F864F1 /* EatFruit.app */;
			productType = "com.apple.product-type.application";
		};
/* End PBXNativeTarget section */

/* Begin PBXProject section */
		FF5BE7761F3D440400F864F1 /* Project object */ = {
			isa = PBXProject;
			attributes = {
				CLASSPREFIX = TW;
				LastUpgradeCheck = 0830;
				ORGANIZATIONNAME = "田伟";
				TargetAttributes = {
					FF5BE77D1F3D440400F864F1 = {
						CreatedOnToolsVersion = 8.3.3;
						DevelopmentTeam = 7F3QQKKLR9;
						ProvisioningStyle = Automatic;
					};
				};
			};
			buildConfigurationList = FF5BE7791F3D440400F864F1 /* Build configuration list for PBXProject "EatFruit" */;
			compatibilityVersion = "Xcode 3.2";
			developmentRegion = English;
			hasScannedForEncodings = 0;
			knownRegions = (
				en,
				Base,
			);
			mainGroup = FF5BE7751F3D440400F864F1;
			productRefGroup = FF5BE77F1F3D440400F864F1 /* Products */;
			projectDirPath = "";
			projectRoot = "";
			targets = (
				FF5BE77D1F3D440400F864F1 /* EatFruit */,
			);
		};
/* End PBXProject section */

/* Begin PBXResourcesBuildPhase section */
		FF5BE77C1F3D440400F864F1 /* Resources */ = {
			isa = PBXResourcesBuildPhase;
			buildActionMask = 2147483647;
			files = (
				FF5BE7911F3D440400F864F1 /* LaunchScreen.storyboard in Resources */,
				FF5BE78E1F3D440400F864F1 /* Assets.xcassets in Resources */,
			);
			runOnlyForDeploymentPostprocessing = 0;
		};
/* End PBXResourcesBuildPhase section */

/* Begin PBXSourcesBuildPhase section */
		FF5BE77A1F3D440400F864F1 /* Sources */ = {
			isa = PBXSourcesBuildPhase;
			buildActionMask = 2147483647;
			files = (
				FF5BE7A51F3D44B800F864F1 /* TWMainViewController.m in Sources */,
				FF5BE7861F3D440400F864F1 /* AppDelegate.m in Sources */,
				FF5BE7831F3D440400F864F1 /* main.m in Sources */,
			);
			runOnlyForDeploymentPostprocessing = 0;
		};
/* End PBXSourcesBuildPhase section */

/* Begin PBXVariantGroup section */
		FF5BE78F1F3D440400F864F1 /* LaunchScreen.storyboard */ = {
			isa = PBXVariantGroup;
			children = (
				FF5BE7901F3D440400F864F1 /* Base */,
			);
			name = LaunchScreen.storyboard;
			sourceTree = "<group>";
		};
/* End PBXVariantGroup section */

/* Begin XCBuildConfiguration section */
		FF5BE7931F3D440400F864F1 /* Debug */ = {
			isa = XCBuildConfiguration;
			buildSettings = {
				ALWAYS_SEARCH_USER_PATHS = NO;
				CLANG_ANALYZER_NONNULL = YES;
				CLANG_ANALYZER_NUMBER_OBJECT_CONVERSION = YES_AGGRESSIVE;
				CLANG_CXX_LANGUAGE_STANDARD = "gnu++0x";
				CLANG_CXX_LIBRARY = "libc++";
				CLANG_ENABLE_MODULES = YES;
				CLANG_ENABLE_OBJC_ARC = YES;
				CLANG_WARN_BOOL_CONVERSION = YES;
				CLANG_WARN_CONSTANT_CONVERSION = YES;
				CLANG_WARN_DIRECT_OBJC_ISA_USAGE = YES_ERROR;
				CLANG_WARN_DOCUMENTATION_COMMENTS = YES;
				CLANG_WARN_EMPTY_BODY = YES;
				CLANG_WARN_ENUM_CONVERSION = YES;
				CLANG_WARN_INFINITE_RECURSION = YES;
				CLANG_WARN_INT_CONVERSION = YES;
				CLANG_WARN_OBJC_ROOT_CLASS = YES_ERROR;
				CLANG_WARN_SUSPICIOUS_MOVE = YES;
				CLANG_WARN_UNREACHABLE_CODE = YES;
				CLANG_WARN__DUPLICATE_METHOD_MATCH = YES;
				"CODE_SIGN_IDENTITY[sdk=iphoneos*]" = "iPhone Developer";
				COPY_PHASE_STRIP = NO;
				DEBUG_INFORMATION_FORMAT = dwarf;
				ENABLE_STRICT_OBJC_MSGSEND = YES;
				ENABLE_TESTABILITY = YES;
				GCC_C_LANGUAGE_STANDARD = gnu99;
				GCC_DYNAMIC_NO_PIC = NO;
				GCC_NO_COMMON_BLOCKS = YES;
				GCC_OPTIMIZATION_LEVEL = 0;
				GCC_PREPROCESSOR_DEFINITIONS = (
					"DEBUG=1",
					"$(inherited)",
				);
				GCC_WARN_64_TO_32_BIT_CONVERSION = YES;
				GCC_WARN_ABOUT_RETURN_TYPE = YES_ERROR;
				GCC_WARN_UNDECLARED_SELECTOR = YES;
				GCC_WARN_UNINITIALIZED_AUTOS = YES_AGGRESSIVE;
				GCC_WARN_UNUSED_FUNCTION = YES;
				GCC_WARN_UNUSED_VARIABLE = YES;
				IPHONEOS_DEPLOYMENT_TARGET = 10.3;
				MTL_ENABLE_DEBUG_INFO = YES;
				ONLY_ACTIVE_ARCH = YES;
				SDKROOT = iphoneos;
			};
			name = Debug;
		};
		FF5BE7941F3D440400F864F1 /* Release */ = {
			isa = XCBuildConfiguration;
			buildSettings = {
				ALWAYS_SEARCH_USER_PATHS = NO;
				CLANG_ANALYZER_NONNULL = YES;
				CLANG_ANALYZER_NUMBER_OBJECT_CONVERSION = YES_AGGRESSIVE;
				CLANG_CXX_LANGUAGE_STANDARD = "gnu++0x";
				CLANG_CXX_LIBRARY = "libc++";
				CLANG_ENABLE_MODULES = YES;
				CLANG_ENABLE_OBJC_ARC = YES;
				CLANG_WARN_BOOL_CONVERSION = YES;
				CLANG_WARN_CONSTANT_CONVERSION = YES;
				CLANG_WARN_DIRECT_OBJC_ISA_USAGE = YES_ERROR;
				CLANG_WARN_DOCUMENTATION_COMMENTS = YES;
				CLANG_WARN_EMPTY_BODY = YES;
				CLANG_WARN_ENUM_CONVERSION = YES;
				CLANG_WARN_INFINITE_RECURSION = YES;
				CLANG_WARN_INT_CONVERSION = YES;
				CLANG_WARN_OBJC_ROOT_CLASS = YES_ERROR;
				CLANG_WARN_SUSPICIOUS_MOVE = YES;
				CLANG_WARN_UNREACHABLE_CODE = YES;
				CLANG_WARN__DUPLICATE_METHOD_MATCH = YES;
				"CODE_SIGN_IDENTITY[sdk=iphoneos*]" = "iPhone Developer";
				COPY_PHASE_STRIP = NO;
				DEBUG_INFORMATION_FORMAT = "dwarf-with-dsym";
				ENABLE_NS_ASSERTIONS = NO;
				ENABLE_STRICT_OBJC_MSGSEND = YES;
				GCC_C_LANGUAGE_STANDARD = gnu99;
				GCC_NO_COMMON_BLOCKS = YES;
				GCC_WARN_64_TO_32_BIT_CONVERSION = YES;
				GCC_WARN_ABOUT_RETURN_TYPE = YES_ERROR;
				GCC_WARN_UNDECLARED_SELECTOR = YES;
				GCC_WARN_UNINITIALIZED_AUTOS = YES_AGGRESSIVE;
				GCC_WARN_UNUSED_FUNCTION = YES;
				GCC_WARN_UNUSED_VARIABLE = YES;
				IPHONEOS_DEPLOYMENT_TARGET = 10.3;
				MTL_ENABLE_DEBUG_INFO = NO;
				SDKROOT = iphoneos;
				VALIDATE_PRODUCT = YES;
			};
			name = Release;
		};
		FF5BE7961F3D440400F864F1 /* Debug */ = {
			isa = XCBuildConfiguration;
			buildSettings = {
				ASSETCATALOG_COMPILER_APPICON_NAME = AppIcon;
				DEVELOPMENT_TEAM = 7F3QQKKLR9;
				GCC_PREFIX_HEADER = "$(SRCROOT)/EatFruit/Classes/Other/EatFruit.pch";
				INFOPLIST_FILE = EatFruit/Info.plist;
				LD_RUNPATH_SEARCH_PATHS = "$(inherited) @executable_path/Frameworks";
				PRODUCT_BUNDLE_IDENTIFIER = com.shmx.EatFruit;
				PRODUCT_NAME = "$(TARGET_NAME)";
			};
			name = Debug;
		};
		FF5BE7971F3D440400F864F1 /* Release */ = {
			isa = XCBuildConfiguration;
			buildSettings = {
				ASSETCATALOG_COMPILER_APPICON_NAME = AppIcon;
				DEVELOPMENT_TEAM = 7F3QQKKLR9;
				GCC_PREFIX_HEADER = "$(SRCROOT)/EatFruit/Classes/Other/EatFruit.pch";
				INFOPLIST_FILE = EatFruit/Info.plist;
				LD_RUNPATH_SEARCH_PATHS = "$(inherited) @executable_path/Frameworks";
				PRODUCT_BUNDLE_IDENTIFIER = com.shmx.EatFruit;
				PRODUCT_NAME = "$(TARGET_NAME)";
			};
			name = Release;
		};
/* End XCBuildConfiguration section */

/* Begin XCConfigurationList section */
		FF5BE7791F3D440400F864F1 /* Build configuration list for PBXProject "EatFruit" */ = {
			isa = XCConfigurationList;
			buildConfigurations = (
				FF5BE7931F3D440400F864F1 /* Debug */,
				FF5BE7941F3D440400F864F1 /* Release */,
			);
			defaultConfigurationIsVisible = 0;
			defaultConfigurationName = Release;
		};
		FF5BE7951F3D440400F864F1 /* Build configuration list for PBXNativeTarget "EatFruit" */ = {
			isa = XCConfigurationList;
			buildConfigurations = (
				FF5BE7961F3D440400F864F1 /* Debug */,
				FF5BE7971F3D440400F864F1 /* Release */,
			);
			defaultConfigurationIsVisible = 0;
		};
/* End XCConfigurationList section */
	};
	rootObject = FF5BE7761F3D440400F864F1 /* Project object */;
}
